
Microsoft Visual Studio Solution File, Format Version 12.00
# Visual Studio Version 16
VisualStudioVersion = 16.0.29728.190
MinimumVisualStudioVersion = 10.0.40219.1
Project("{FAE04EC0-301F-11D3-BF4B-00C04F79EFBC}") = "Clippi-B", "Clippi-B.csproj", "{A08D5277-BB28-444D-9B60-F2EC0604FDA1}"
EndProject
Global
	GlobalSection(SolutionConfigurationPlatforms) = preSolution
		Debug|Any CPU = Debug|Any CPU
		Release|Any CPU = Release|Any CPU
	EndGlobalSection
	GlobalSection(ProjectConfigurationPlatforms) = postSolution
		{A08D5277-BB28-444D-9B60-F2EC0604FDA1}.Debug|Any CPU.ActiveCfg = Debug|Any CPU
		{A08D5277-BB28-444D-9B60-F2EC0604FDA1}.Debug|Any CPU.Build.0 = Debug|Any CPU
		{A08D5277-BB28-444D-9B60-F2EC0604FDA1}.Release|Any CPU.ActiveCfg = Release|Any CPU
		{A08D5277-BB28-444D-9B60-F2EC0604FDA1}.Release|Any CPU.Build.0 = Release|Any CPU
	EndGlobalSection
	GlobalSection(SolutionProperties) = preSolution
		HideSolutionNode = FALSE
	EndGlobalSection
	GlobalSection(ExtensibilityGlobals) = postSolution
		SolutionGuid = {172B7FCC-2828-4588-A5E3-BB55FBB463DD}
	EndGlobalSection
EndGlobal
